
Microsoft Visual Studio Solution File, Format Version 12.00
# Visual Studio 15
VisualStudioVersion = 15.0.26228.4
MinimumVisualStudioVersion = 10.0.40219.1
Project("{2150E333-8FDC-42A3-9474-1A3956D46DE8}") = "Web", "Web", "{7EDB4289-8A55-4ECA-9573-B81D43917364}"
EndProject
Project("{2150E333-8FDC-42A3-9474-1A3956D46DE8}") = "Data", "Data", "{067CD8CA-8779-4766-B3CC-419CF1483719}"
EndProject
Project("{2150E333-8FDC-42A3-9474-1A3956D46DE8}") = "Services", "Services", "{199DF664-EDFE-458E-9B3F-9B0D97F61562}"
EndProject
Project("{FAE04EC0-301F-11D3-BF4B-00C04F79EFBC}") = "LiveScoreUpdateSystem.Web", "LiveScoreUpdateSystem.Web\LiveScoreUpdateSystem.Web.csproj", "{AA782F70-D1B7-4099-B277-07752CBEB8F3}"
EndProject
Project("{2150E333-8FDC-42A3-9474-1A3956D46DE8}") = "Tests", "Tests", "{56BC2E23-3F10-4E4D-9797-F939ADE16138}"
EndProject
Project("{2150E333-8FDC-42A3-9474-1A3956D46DE8}") = "Unit", "Unit", "{B55FA938-785F-444F-891C-A25018920D82}"
EndProject
Project("{FAE04EC0-301F-11D3-BF4B-00C04F79EFBC}") = "LiveScoreUpdateSystem.Data", "LiveScoreUpdateSystem.Data\LiveScoreUpdateSystem.Data.csproj", "{1567F6EE-13DD-4F0A-834F-04D5DF7BCC94}"
EndProject
Project("{FAE04EC0-301F-11D3-BF4B-00C04F79EFBC}") = "LiveScoreUpdateSystem.Data.Models", "LiveScoreUpdateSystem.Data.Models\LiveScoreUpdateSystem.Data.Models.csproj", "{115C0FE9-4CBC-43C3-8898-A7CC42B2A2F4}"
EndProject
Project("{FAE04EC0-301F-11D3-BF4B-00C04F79EFBC}") = "LiveScoreUpdateSystem.Services.Data", "LiveScoreUpdateSystem.Services.Data\LiveScoreUpdateSystem.Services.Data.csproj", "{4AB2C57A-56F4-4DCE-A64B-D3BB4CAFE94D}"
EndProject
Project("{FAE04EC0-301F-11D3-BF4B-00C04F79EFBC}") = "LiveScoreUpdateSystem.Services.Common", "LiveScoreUpdateSystem.Services.Common\LiveScoreUpdateSystem.Services.Common.csproj", "{70998337-A6A6-4102-A00E-B2EF496B4608}"
EndProject
Project("{2150E333-8FDC-42A3-9474-1A3956D46DE8}") = "Common", "Common", "{3B109A6F-1BD1-4986-8A89-8F103CC6FA05}"
EndProject
Project("{FAE04EC0-301F-11D3-BF4B-00C04F79EFBC}") = "LiveScoreUpdateSystem.Common", "LiveScoreUpdateSystem.Common\LiveScoreUpdateSystem.Common.csproj", "{5B1B3DB7-18F5-4701-B952-9F1C2CE517F8}"
EndProject
Project("{FAE04EC0-301F-11D3-BF4B-00C04F79EFBC}") = "LiveScoreUpdateSystem.Services.Data.Tests", "LiveScoreUpdateSystem.Services.Data.Tests\LiveScoreUpdateSystem.Services.Data.Tests.csproj", "{0A9316A9-0368-440F-AE1B-B3DAF327D462}"
EndProject
Project("{FAE04EC0-301F-11D3-BF4B-00C04F79EFBC}") = "LiveScoreUpdateSystem.Web.Tests", "LiveScoreUpdateSystem.Web.Tests\LiveScoreUpdateSystem.Web.Tests.csproj", "{3ABC95C4-E56F-4760-B85F-B1E3B1A6DE00}"
EndProject
Global
	GlobalSection(SolutionConfigurationPlatforms) = preSolution
		Debug|Any CPU = Debug|Any CPU
		Release|Any CPU = Release|Any CPU
	EndGlobalSection
	GlobalSection(ProjectConfigurationPlatforms) = postSolution
		{AA782F70-D1B7-4099-B277-07752CBEB8F3}.Debug|Any CPU.ActiveCfg = Debug|Any CPU
		{AA782F70-D1B7-4099-B277-07752CBEB8F3}.Debug|Any CPU.Build.0 = Debug|Any CPU
		{AA782F70-D1B7-4099-B277-07752CBEB8F3}.Release|Any CPU.ActiveCfg = Release|Any CPU
		{AA782F70-D1B7-4099-B277-07752CBEB8F3}.Release|Any CPU.Build.0 = Release|Any CPU
		{1567F6EE-13DD-4F0A-834F-04D5DF7BCC94}.Debug|Any CPU.ActiveCfg = Debug|Any CPU
		{1567F6EE-13DD-4F0A-834F-04D5DF7BCC94}.Debug|Any CPU.Build.0 = Debug|Any CPU
		{1567F6EE-13DD-4F0A-834F-04D5DF7BCC94}.Release|Any CPU.ActiveCfg = Release|Any CPU
		{1567F6EE-13DD-4F0A-834F-04D5DF7BCC94}.Release|Any CPU.Build.0 = Release|Any CPU
		{115C0FE9-4CBC-43C3-8898-A7CC42B2A2F4}.Debug|Any CPU.ActiveCfg = Debug|Any CPU
		{115C0FE9-4CBC-43C3-8898-A7CC42B2A2F4}.Debug|Any CPU.Build.0 = Debug|Any CPU
		{115C0FE9-4CBC-43C3-8898-A7CC42B2A2F4}.Release|Any CPU.ActiveCfg = Release|Any CPU
		{115C0FE9-4CBC-43C3-8898-A7CC42B2A2F4}.Release|Any CPU.Build.0 = Release|Any CPU
		{4AB2C57A-56F4-4DCE-A64B-D3BB4CAFE94D}.Debug|Any CPU.ActiveCfg = Debug|Any CPU
		{4AB2C57A-56F4-4DCE-A64B-D3BB4CAFE94D}.Debug|Any CPU.Build.0 = Debug|Any CPU
		{4AB2C57A-56F4-4DCE-A64B-D3BB4CAFE94D}.Release|Any CPU.ActiveCfg = Release|Any CPU
		{4AB2C57A-56F4-4DCE-A64B-D3BB4CAFE94D}.Release|Any CPU.Build.0 = Release|Any CPU
		{70998337-A6A6-4102-A00E-B2EF496B4608}.Debug|Any CPU.ActiveCfg = Debug|Any CPU
		{70998337-A6A6-4102-A00E-B2EF496B4608}.Debug|Any CPU.Build.0 = Debug|Any CPU
		{70998337-A6A6-4102-A00E-B2EF496B4608}.Release|Any CPU.ActiveCfg = Release|Any CPU
		{70998337-A6A6-4102-A00E-B2EF496B4608}.Release|Any CPU.Build.0 = Release|Any CPU
		{5B1B3DB7-18F5-4701-B952-9F1C2CE517F8}.Debug|Any CPU.ActiveCfg = Debug|Any CPU
		{5B1B3DB7-18F5-4701-B952-9F1C2CE517F8}.Debug|Any CPU.Build.0 = Debug|Any CPU
		{5B1B3DB7-18F5-4701-B952-9F1C2CE517F8}.Release|Any CPU.ActiveCfg = Release|Any CPU
		{5B1B3DB7-18F5-4701-B952-9F1C2CE517F8}.Release|Any CPU.Build.0 = Release|Any CPU
		{0A9316A9-0368-440F-AE1B-B3DAF327D462}.Debug|Any CPU.ActiveCfg = Debug|Any CPU
		{0A9316A9-0368-440F-AE1B-B3DAF327D462}.Debug|Any CPU.Build.0 = Debug|Any CPU
		{0A9316A9-0368-440F-AE1B-B3DAF327D462}.Release|Any CPU.ActiveCfg = Release|Any CPU
		{0A9316A9-0368-440F-AE1B-B3DAF327D462}.Release|Any CPU.Build.0 = Release|Any CPU
		{3ABC95C4-E56F-4760-B85F-B1E3B1A6DE00}.Debug|Any CPU.ActiveCfg = Debug|Any CPU
		{3ABC95C4-E56F-4760-B85F-B1E3B1A6DE00}.Debug|Any CPU.Build.0 = Debug|Any CPU
		{3ABC95C4-E56F-4760-B85F-B1E3B1A6DE00}.Release|Any CPU.ActiveCfg = Release|Any CPU
		{3ABC95C4-E56F-4760-B85F-B1E3B1A6DE00}.Release|Any CPU.Build.0 = Release|Any CPU
	EndGlobalSection
	GlobalSection(SolutionProperties) = preSolution
		HideSolutionNode = FALSE
	EndGlobalSection
	GlobalSection(NestedProjects) = preSolution
		{AA782F70-D1B7-4099-B277-07752CBEB8F3} = {7EDB4289-8A55-4ECA-9573-B81D43917364}
		{B55FA938-785F-444F-891C-A25018920D82} = {56BC2E23-3F10-4E4D-9797-F939ADE16138}
		{1567F6EE-13DD-4F0A-834F-04D5DF7BCC94} = {067CD8CA-8779-4766-B3CC-419CF1483719}
		{115C0FE9-4CBC-43C3-8898-A7CC42B2A2F4} = {067CD8CA-8779-4766-B3CC-419CF1483719}
		{4AB2C57A-56F4-4DCE-A64B-D3BB4CAFE94D} = {199DF664-EDFE-458E-9B3F-9B0D97F61562}
		{70998337-A6A6-4102-A00E-B2EF496B4608} = {199DF664-EDFE-458E-9B3F-9B0D97F61562}
		{5B1B3DB7-18F5-4701-B952-9F1C2CE517F8} = {3B109A6F-1BD1-4986-8A89-8F103CC6FA05}
		{0A9316A9-0368-440F-AE1B-B3DAF327D462} = {B55FA938-785F-444F-891C-A25018920D82}
		{3ABC95C4-E56F-4760-B85F-B1E3B1A6DE00} = {B55FA938-785F-444F-891C-A25018920D82}
	EndGlobalSection
EndGlobal
